
Microsoft Visual Studio Solution File, Format Version 12.00
# Visual Studio Version 16
VisualStudioVersion = 16.0.29403.142
MinimumVisualStudioVersion = 10.0.40219.1
Project("{FAE04EC0-301F-11D3-BF4B-00C04F79EFBC}") = "MathMeth_2", "MathMeth_2\MathMeth_2.csproj", "{12AFF215-C53A-4C06-B6DA-AE9E3DFA12DC}"
EndProject
Project("{FAE04EC0-301F-11D3-BF4B-00C04F79EFBC}") = "QueueingSystem", "QueueingSystem\QueueingSystem.csproj", "{AE22BB30-D1FC-43D4-AADB-CD9E6EE58A5C}"
EndProject
Global
	GlobalSection(SolutionConfigurationPlatforms) = preSolution
		Debug|Any CPU = Debug|Any CPU
		Release|Any CPU = Release|Any CPU
	EndGlobalSection
	GlobalSection(ProjectConfigurationPlatforms) = postSolution
		{12AFF215-C53A-4C06-B6DA-AE9E3DFA12DC}.Debug|Any CPU.ActiveCfg = Debug|Any CPU
		{12AFF215-C53A-4C06-B6DA-AE9E3DFA12DC}.Debug|Any CPU.Build.0 = Debug|Any CPU
		{12AFF215-C53A-4C06-B6DA-AE9E3DFA12DC}.Release|Any CPU.ActiveCfg = Release|Any CPU
		{12AFF215-C53A-4C06-B6DA-AE9E3DFA12DC}.Release|Any CPU.Build.0 = Release|Any CPU
		{AE22BB30-D1FC-43D4-AADB-CD9E6EE58A5C}.Debug|Any CPU.ActiveCfg = Debug|Any CPU
		{AE22BB30-D1FC-43D4-AADB-CD9E6EE58A5C}.Debug|Any CPU.Build.0 = Debug|Any CPU
		{AE22BB30-D1FC-43D4-AADB-CD9E6EE58A5C}.Release|Any CPU.ActiveCfg = Release|Any CPU
		{AE22BB30-D1FC-43D4-AADB-CD9E6EE58A5C}.Release|Any CPU.Build.0 = Release|Any CPU
	EndGlobalSection
	GlobalSection(SolutionProperties) = preSolution
		HideSolutionNode = FALSE
	EndGlobalSection
	GlobalSection(ExtensibilityGlobals) = postSolution
		SolutionGuid = {3F01E429-DCC5-4F99-82C8-F07E6482BF16}
	EndGlobalSection
EndGlobal
